
Microsoft Visual Studio Solution File, Format Version 12.00
# Visual Studio Version 16
VisualStudioVersion = 16.0.28621.142
MinimumVisualStudioVersion = 10.0.40219.1
Project("{2150E333-8FDC-42A3-9474-1A3956D46DE8}") = "Platforms", "Platforms", "{29AC50BF-B4FB-450B-9386-0C5AD4B84226}"
EndProject
Project("{2150E333-8FDC-42A3-9474-1A3956D46DE8}") = "Control Gallery", "Control Gallery", "{4F5E2D21-17F6-4A42-B8FB-D03D82E24EC8}"
EndProject
Project("{2150E333-8FDC-42A3-9474-1A3956D46DE8}") = ".nuspec", ".nuspec", "{7E12C50D-A570-4DF1-94E1-8599843FA87C}"
	ProjectSection(SolutionItems) = preProject
		.nuspec\proguard.cfg = .nuspec\proguard.cfg
		.nuspec\Xamarin.Forms.AppLinks.nuspec = .nuspec\Xamarin.Forms.AppLinks.nuspec
		.nuspec\Xamarin.Forms.Debug.targets = .nuspec\Xamarin.Forms.Debug.targets
		.nuspec\Xamarin.Forms.DefaultItems.props = .nuspec\Xamarin.Forms.DefaultItems.props
		.nuspec\Xamarin.Forms.DefaultItems.targets = .nuspec\Xamarin.Forms.DefaultItems.targets
		.nuspec\Xamarin.Forms.Maps.GTK.nuspec = .nuspec\Xamarin.Forms.Maps.GTK.nuspec
		.nuspec\Xamarin.Forms.Maps.nuspec = .nuspec\Xamarin.Forms.Maps.nuspec
		.nuspec\Xamarin.Forms.Maps.WPF.nuspec = .nuspec\Xamarin.Forms.Maps.WPF.nuspec
		.nuspec\Xamarin.Forms.nuspec = .nuspec\Xamarin.Forms.nuspec
		.nuspec\Xamarin.Forms.Pages.Azure.nuspec = .nuspec\Xamarin.Forms.Pages.Azure.nuspec
		.nuspec\Xamarin.Forms.Pages.nuspec = .nuspec\Xamarin.Forms.Pages.nuspec
		.nuspec\Xamarin.Forms.Platform.GTK.nuspec = .nuspec\Xamarin.Forms.Platform.GTK.nuspec
		.nuspec\Xamarin.Forms.Platform.WPF.nuspec = .nuspec\Xamarin.Forms.Platform.WPF.nuspec
		.nuspec\Xamarin.Forms.props = .nuspec\Xamarin.Forms.props
		.nuspec\Xamarin.Forms.targets = .nuspec\Xamarin.Forms.targets
		.nuspec\Xamarin.Forms.Visual.Material.nuspec = .nuspec\Xamarin.Forms.Visual.Material.nuspec
		.nuspec\Xamarin.Forms.Visual.Material.targets = .nuspec\Xamarin.Forms.Visual.Material.targets
	EndProjectSection
EndProject
Project("{9A19103F-16F7-4668-BE54-9A1E7A4F7556}") = "Xamarin.Forms.Controls", "Xamarin.Forms.Controls\Xamarin.Forms.Controls.csproj", "{CB9C96CE-125C-4A68-B6A1-C3FF1FBF93E1}"
EndProject
Project("{2150E333-8FDC-42A3-9474-1A3956D46DE8}") = "Xamarin.Forms.Maps", "Xamarin.Forms.Maps", "{132FB9A4-613F-44CE-95D5-758D32D231DD}"
EndProject
Project("{2150E333-8FDC-42A3-9474-1A3956D46DE8}") = "UITests", "UITests", "{D4D57221-71D6-4031-A6F4-EC66AF0929D9}"
EndProject
Project("{2150E333-8FDC-42A3-9474-1A3956D46DE8}") = "docs", "docs", "{DDDFBCAF-93DE-4868-8296-FD909EF32EF7}"
EndProject
Project("{2150E333-8FDC-42A3-9474-1A3956D46DE8}") = "Xamarin.Forms.Controls.Issues", "Xamarin.Forms.Controls.Issues", "{B2927DF0-F98E-45C8-A917-27941B2B6838}"
EndProject
Project("{D954291E-2A0B-460D-934E-DC6B0785DB48}") = "Xamarin.Forms.Controls.Issues.Shared", "Xamarin.Forms.Controls.Issues\Xamarin.Forms.Controls.Issues.Shared\Xamarin.Forms.Controls.Issues.Shared.shproj", "{0F0DB9CC-EA65-429C-9363-38624BF8F49C}"
EndProject
Project("{9A19103F-16F7-4668-BE54-9A1E7A4F7556}") = "Xamarin.Forms.Platform.Uno", "Xamarin.Forms.Platform.UAP\Xamarin.Forms.Platform.Uno.csproj", "{00D8D049-FFAA-4759-8FC9-1ECA30777F72}"
EndProject
Project("{9A19103F-16F7-4668-BE54-9A1E7A4F7556}") = "Xamarin.Forms.Maps.UWP", "Xamarin.Forms.Maps.UWP\Xamarin.Forms.Maps.UWP.csproj", "{04D89A60-78EF-4A32-AE17-87E47E0233A5}"
EndProject
Project("{D954291E-2A0B-460D-934E-DC6B0785DB48}") = "Xamarin.Forms.Core.UITests.Shared", "Xamarin.Forms.Core.UITests.Shared\Xamarin.Forms.Core.UITests.Shared.shproj", "{E175485B-3C8C-47D7-8DD5-F7FED627EB25}"
EndProject
Project("{D954291E-2A0B-460D-934E-DC6B0785DB48}") = "Xamarin.Forms.ControlGallery.WindowsUniversal.Shared", "Xamarin.Forms.ControlGallery.WindowsUniversal.Shared\Xamarin.Forms.ControlGallery.WindowsUniversal.Shared.shproj", "{3ACB38CE-CAE4-4760-9E31-2BBD2537754E}"
EndProject
Project("{9A19103F-16F7-4668-BE54-9A1E7A4F7556}") = "Xamarin.Forms.ControlGallery.Uno.Wasm", "Xamarin.Forms.ControlGallery.Uno.Wasm\Xamarin.Forms.ControlGallery.Uno.Wasm.csproj", "{B83BC7C5-FA0F-4D03-9D8D-1D0FF84DA088}"
EndProject
Project("{FAE04EC0-301F-11D3-BF4B-00C04F79EFBC}") = "Xamarin.Forms.ControlGallery.Uno.UWP", "Xamarin.Forms.ControlGallery.Uno.UWP\Xamarin.Forms.ControlGallery.Uno.UWP.csproj", "{C8B2D9FF-CE7B-463B-B9D6-8A776D6CBEDE}"
EndProject
Project("{9A19103F-16F7-4668-BE54-9A1E7A4F7556}") = "Xamarin.Forms.CustomAttributes", "Xamarin.Forms.CustomAttributes\Xamarin.Forms.CustomAttributes.csproj", "{F60B255A-680C-4B94-99E8-2722640F3164}"
EndProject
Project("{9A19103F-16F7-4668-BE54-9A1E7A4F7556}") = "Xamarin.Forms.Core.UITests.Wasm", "Xamarin.Forms.Core.UITests.Wasm\Xamarin.Forms.Core.UITests.Wasm.csproj", "{209CF5F7-626A-499E-AD87-8ACC99FE3A52}"
EndProject
Global
	GlobalSection(SharedMSBuildProjectFiles) = preSolution
		Xamarin.Forms.Controls.Issues\Xamarin.Forms.Controls.Issues.Shared\Xamarin.Forms.Controls.Issues.Shared.projitems*{0f0db9cc-ea65-429c-9363-38624bf8f49c}*SharedItemsImports = 13
		Xamarin.Forms.Controls.Issues\Xamarin.Forms.Controls.Issues.Shared\Xamarin.Forms.Controls.Issues.Shared.projitems*{209cf5f7-626a-499e-ad87-8acc99fe3a52}*SharedItemsImports = 5
		Xamarin.Forms.Core.UITests.Shared\Xamarin.Forms.Core.UITests.projitems*{209cf5f7-626a-499e-ad87-8acc99fe3a52}*SharedItemsImports = 5
		Xamarin.Forms.ControlGallery.WindowsUniversal.Shared\Xamarin.Forms.ControlGallery.WindowsUniversal.Shared.projitems*{3acb38ce-cae4-4760-9e31-2bbd2537754e}*SharedItemsImports = 13
		Xamarin.Forms.ControlGallery.WindowsUniversal.Shared\Xamarin.Forms.ControlGallery.WindowsUniversal.Shared.projitems*{b83bc7c5-fa0f-4d03-9d8d-1d0ff84da088}*SharedItemsImports = 5
		Xamarin.Forms.ControlGallery.WindowsUniversal.Shared\Xamarin.Forms.ControlGallery.WindowsUniversal.Shared.projitems*{c8b2d9ff-ce7b-463b-b9d6-8a776d6cbede}*SharedItemsImports = 4
		Xamarin.Forms.Controls.Issues\Xamarin.Forms.Controls.Issues.Shared\Xamarin.Forms.Controls.Issues.Shared.projitems*{cb9c96ce-125c-4a68-b6a1-c3ff1fbf93e1}*SharedItemsImports = 5
		Xamarin.Forms.Core.UITests.Shared\Xamarin.Forms.Core.UITests.projitems*{e175485b-3c8c-47d7-8dd5-f7fed627eb25}*SharedItemsImports = 13
	EndGlobalSection
	GlobalSection(SolutionConfigurationPlatforms) = preSolution
		Ad-Hoc|Any CPU = Ad-Hoc|Any CPU
		Ad-Hoc|ARM = Ad-Hoc|ARM
		Ad-Hoc|iPhone = Ad-Hoc|iPhone
		Ad-Hoc|iPhoneSimulator = Ad-Hoc|iPhoneSimulator
		Ad-Hoc|x64 = Ad-Hoc|x64
		Ad-Hoc|x86 = Ad-Hoc|x86
		AppStore|Any CPU = AppStore|Any CPU
		AppStore|ARM = AppStore|ARM
		AppStore|iPhone = AppStore|iPhone
		AppStore|iPhoneSimulator = AppStore|iPhoneSimulator
		AppStore|x64 = AppStore|x64
		AppStore|x86 = AppStore|x86
		Debug|Any CPU = Debug|Any CPU
		Debug|ARM = Debug|ARM
		Debug|iPhone = Debug|iPhone
		Debug|iPhoneSimulator = Debug|iPhoneSimulator
		Debug|x64 = Debug|x64
		Debug|x86 = Debug|x86
		Release|Any CPU = Release|Any CPU
		Release|ARM = Release|ARM
		Release|iPhone = Release|iPhone
		Release|iPhoneSimulator = Release|iPhoneSimulator
		Release|x64 = Release|x64
		Release|x86 = Release|x86
	EndGlobalSection
	GlobalSection(ProjectConfigurationPlatforms) = postSolution
		{CB9C96CE-125C-4A68-B6A1-C3FF1FBF93E1}.Ad-Hoc|Any CPU.ActiveCfg = Release|Any CPU
		{CB9C96CE-125C-4A68-B6A1-C3FF1FBF93E1}.Ad-Hoc|Any CPU.Build.0 = Release|Any CPU
		{CB9C96CE-125C-4A68-B6A1-C3FF1FBF93E1}.Ad-Hoc|ARM.ActiveCfg = Release|Any CPU
		{CB9C96CE-125C-4A68-B6A1-C3FF1FBF93E1}.Ad-Hoc|ARM.Build.0 = Release|Any CPU
		{CB9C96CE-125C-4A68-B6A1-C3FF1FBF93E1}.Ad-Hoc|iPhone.ActiveCfg = Release|Any CPU
		{CB9C96CE-125C-4A68-B6A1-C3FF1FBF93E1}.Ad-Hoc|iPhone.Build.0 = Release|Any CPU
		{CB9C96CE-125C-4A68-B6A1-C3FF1FBF93E1}.Ad-Hoc|iPhoneSimulator.ActiveCfg = Release|Any CPU
		{CB9C96CE-125C-4A68-B6A1-C3FF1FBF93E1}.Ad-Hoc|iPhoneSimulator.Build.0 = Release|Any CPU
		{CB9C96CE-125C-4A68-B6A1-C3FF1FBF93E1}.Ad-Hoc|x64.ActiveCfg = Release|Any CPU
		{CB9C96CE-125C-4A68-B6A1-C3FF1FBF93E1}.Ad-Hoc|x64.Build.0 = Release|Any CPU
		{CB9C96CE-125C-4A68-B6A1-C3FF1FBF93E1}.Ad-Hoc|x86.ActiveCfg = Release|Any CPU
		{CB9C96CE-125C-4A68-B6A1-C3FF1FBF93E1}.Ad-Hoc|x86.Build.0 = Release|Any CPU
		{CB9C96CE-125C-4A68-B6A1-C3FF1FBF93E1}.AppStore|Any CPU.ActiveCfg = Release|Any CPU
		{CB9C96CE-125C-4A68-B6A1-C3FF1FBF93E1}.AppStore|Any CPU.Build.0 = Release|Any CPU
		{CB9C96CE-125C-4A68-B6A1-C3FF1FBF93E1}.AppStore|ARM.ActiveCfg = Release|Any CPU
		{CB9C96CE-125C-4A68-B6A1-C3FF1FBF93E1}.AppStore|ARM.Build.0 = Release|Any CPU
		{CB9C96CE-125C-4A68-B6A1-C3FF1FBF93E1}.AppStore|iPhone.ActiveCfg = Release|Any CPU
		{CB9C96CE-125C-4A68-B6A1-C3FF1FBF93E1}.AppStore|iPhone.Build.0 = Release|Any CPU
		{CB9C96CE-125C-4A68-B6A1-C3FF1FBF93E1}.AppStore|iPhoneSimulator.ActiveCfg = Release|Any CPU
		{CB9C96CE-125C-4A68-B6A1-C3FF1FBF93E1}.AppStore|iPhoneSimulator.Build.0 = Release|Any CPU
		{CB9C96CE-125C-4A68-B6A1-C3FF1FBF93E1}.AppStore|x64.ActiveCfg = Release|Any CPU
		{CB9C96CE-125C-4A68-B6A1-C3FF1FBF93E1}.AppStore|x64.Build.0 = Release|Any CPU
		{CB9C96CE-125C-4A68-B6A1-C3FF1FBF93E1}.AppStore|x86.ActiveCfg = Release|Any CPU
		{CB9C96CE-125C-4A68-B6A1-C3FF1FBF93E1}.AppStore|x86.Build.0 = Release|Any CPU
		{CB9C96CE-125C-4A68-B6A1-C3FF1FBF93E1}.Debug|Any CPU.ActiveCfg = Debug|Any CPU
		{CB9C96CE-125C-4A68-B6A1-C3FF1FBF93E1}.Debug|Any CPU.Build.0 = Debug|Any CPU
		{CB9C96CE-125C-4A68-B6A1-C3FF1FBF93E1}.Debug|ARM.ActiveCfg = Debug|Any CPU
		{CB9C96CE-125C-4A68-B6A1-C3FF1FBF93E1}.Debug|ARM.Build.0 = Debug|Any CPU
		{CB9C96CE-125C-4A68-B6A1-C3FF1FBF93E1}.Debug|iPhone.ActiveCfg = Debug|Any CPU
		{CB9C96CE-125C-4A68-B6A1-C3FF1FBF93E1}.Debug|iPhone.Build.0 = Debug|Any CPU
		{CB9C96CE-125C-4A68-B6A1-C3FF1FBF93E1}.Debug|iPhoneSimulator.ActiveCfg = Debug|Any CPU
		{CB9C96CE-125C-4A68-B6A1-C3FF1FBF93E1}.Debug|iPhoneSimulator.Build.0 = Debug|Any CPU
		{CB9C96CE-125C-4A68-B6A1-C3FF1FBF93E1}.Debug|x64.ActiveCfg = Debug|Any CPU
		{CB9C96CE-125C-4A68-B6A1-C3FF1FBF93E1}.Debug|x64.Build.0 = Debug|Any CPU
		{CB9C96CE-125C-4A68-B6A1-C3FF1FBF93E1}.Debug|x86.ActiveCfg = Debug|Any CPU
		{CB9C96CE-125C-4A68-B6A1-C3FF1FBF93E1}.Debug|x86.Build.0 = Debug|Any CPU
		{CB9C96CE-125C-4A68-B6A1-C3FF1FBF93E1}.Release|Any CPU.ActiveCfg = Release|Any CPU
		{CB9C96CE-125C-4A68-B6A1-C3FF1FBF93E1}.Release|Any CPU.Build.0 = Release|Any CPU
		{CB9C96CE-125C-4A68-B6A1-C3FF1FBF93E1}.Release|ARM.ActiveCfg = Release|Any CPU
		{CB9C96CE-125C-4A68-B6A1-C3FF1FBF93E1}.Release|ARM.Build.0 = Release|Any CPU
		{CB9C96CE-125C-4A68-B6A1-C3FF1FBF93E1}.Release|iPhone.ActiveCfg = Release|Any CPU
		{CB9C96CE-125C-4A68-B6A1-C3FF1FBF93E1}.Release|iPhone.Build.0 = Release|Any CPU
		{CB9C96CE-125C-4A68-B6A1-C3FF1FBF93E1}.Release|iPhoneSimulator.ActiveCfg = Release|Any CPU
		{CB9C96CE-125C-4A68-B6A1-C3FF1FBF93E1}.Release|iPhoneSimulator.Build.0 = Release|Any CPU
		{CB9C96CE-125C-4A68-B6A1-C3FF1FBF93E1}.Release|x64.ActiveCfg = Release|Any CPU
		{CB9C96CE-125C-4A68-B6A1-C3FF1FBF93E1}.Release|x64.Build.0 = Release|Any CPU
		{CB9C96CE-125C-4A68-B6A1-C3FF1FBF93E1}.Release|x86.ActiveCfg = Release|Any CPU
		{CB9C96CE-125C-4A68-B6A1-C3FF1FBF93E1}.Release|x86.Build.0 = Release|Any CPU
		{00D8D049-FFAA-4759-8FC9-1ECA30777F72}.Ad-Hoc|Any CPU.ActiveCfg = Release|Any CPU
		{00D8D049-FFAA-4759-8FC9-1ECA30777F72}.Ad-Hoc|Any CPU.Build.0 = Release|Any CPU
		{00D8D049-FFAA-4759-8FC9-1ECA30777F72}.Ad-Hoc|ARM.ActiveCfg = Release|Any CPU
		{00D8D049-FFAA-4759-8FC9-1ECA30777F72}.Ad-Hoc|ARM.Build.0 = Release|Any CPU
		{00D8D049-FFAA-4759-8FC9-1ECA30777F72}.Ad-Hoc|iPhone.ActiveCfg = Release|Any CPU
		{00D8D049-FFAA-4759-8FC9-1ECA30777F72}.Ad-Hoc|iPhone.Build.0 = Release|Any CPU
		{00D8D049-FFAA-4759-8FC9-1ECA30777F72}.Ad-Hoc|iPhoneSimulator.ActiveCfg = Release|Any CPU
		{00D8D049-FFAA-4759-8FC9-1ECA30777F72}.Ad-Hoc|iPhoneSimulator.Build.0 = Release|Any CPU
		{00D8D049-FFAA-4759-8FC9-1ECA30777F72}.Ad-Hoc|x64.ActiveCfg = Release|Any CPU
		{00D8D049-FFAA-4759-8FC9-1ECA30777F72}.Ad-Hoc|x64.Build.0 = Release|Any CPU
		{00D8D049-FFAA-4759-8FC9-1ECA30777F72}.Ad-Hoc|x86.ActiveCfg = Release|Any CPU
		{00D8D049-FFAA-4759-8FC9-1ECA30777F72}.Ad-Hoc|x86.Build.0 = Release|Any CPU
		{00D8D049-FFAA-4759-8FC9-1ECA30777F72}.AppStore|Any CPU.ActiveCfg = Release|Any CPU
		{00D8D049-FFAA-4759-8FC9-1ECA30777F72}.AppStore|Any CPU.Build.0 = Release|Any CPU
		{00D8D049-FFAA-4759-8FC9-1ECA30777F72}.AppStore|ARM.ActiveCfg = Release|Any CPU
		{00D8D049-FFAA-4759-8FC9-1ECA30777F72}.AppStore|ARM.Build.0 = Release|Any CPU
		{00D8D049-FFAA-4759-8FC9-1ECA30777F72}.AppStore|iPhone.ActiveCfg = Release|Any CPU
		{00D8D049-FFAA-4759-8FC9-1ECA30777F72}.AppStore|iPhone.Build.0 = Release|Any CPU
		{00D8D049-FFAA-4759-8FC9-1ECA30777F72}.AppStore|iPhoneSimulator.ActiveCfg = Release|Any CPU
		{00D8D049-FFAA-4759-8FC9-1ECA30777F72}.AppStore|iPhoneSimulator.Build.0 = Release|Any CPU
		{00D8D049-FFAA-4759-8FC9-1ECA30777F72}.AppStore|x64.ActiveCfg = Release|Any CPU
		{00D8D049-FFAA-4759-8FC9-1ECA30777F72}.AppStore|x64.Build.0 = Release|Any CPU
		{00D8D049-FFAA-4759-8FC9-1ECA30777F72}.AppStore|x86.ActiveCfg = Release|Any CPU
		{00D8D049-FFAA-4759-8FC9-1ECA30777F72}.AppStore|x86.Build.0 = Release|Any CPU
		{00D8D049-FFAA-4759-8FC9-1ECA30777F72}.Debug|Any CPU.ActiveCfg = Debug|Any CPU
		{00D8D049-FFAA-4759-8FC9-1ECA30777F72}.Debug|Any CPU.Build.0 = Debug|Any CPU
		{00D8D049-FFAA-4759-8FC9-1ECA30777F72}.Debug|ARM.ActiveCfg = Debug|Any CPU
		{00D8D049-FFAA-4759-8FC9-1ECA30777F72}.Debug|ARM.Build.0 = Debug|Any CPU
		{00D8D049-FFAA-4759-8FC9-1ECA30777F72}.Debug|iPhone.ActiveCfg = Debug|Any CPU
		{00D8D049-FFAA-4759-8FC9-1ECA30777F72}.Debug|iPhoneSimulator.ActiveCfg = Debug|Any CPU
		{00D8D049-FFAA-4759-8FC9-1ECA30777F72}.Debug|iPhoneSimulator.Build.0 = Debug|Any CPU
		{00D8D049-FFAA-4759-8FC9-1ECA30777F72}.Debug|x64.ActiveCfg = Debug|Any CPU
		{00D8D049-FFAA-4759-8FC9-1ECA30777F72}.Debug|x64.Build.0 = Debug|Any CPU
		{00D8D049-FFAA-4759-8FC9-1ECA30777F72}.Debug|x86.ActiveCfg = Debug|Any CPU
		{00D8D049-FFAA-4759-8FC9-1ECA30777F72}.Debug|x86.Build.0 = Debug|Any CPU
		{00D8D049-FFAA-4759-8FC9-1ECA30777F72}.Release|Any CPU.ActiveCfg = Release|Any CPU
		{00D8D049-FFAA-4759-8FC9-1ECA30777F72}.Release|Any CPU.Build.0 = Release|Any CPU
		{00D8D049-FFAA-4759-8FC9-1ECA30777F72}.Release|ARM.ActiveCfg = Release|Any CPU
		{00D8D049-FFAA-4759-8FC9-1ECA30777F72}.Release|ARM.Build.0 = Release|Any CPU
		{00D8D049-FFAA-4759-8FC9-1ECA30777F72}.Release|iPhone.ActiveCfg = Release|Any CPU
		{00D8D049-FFAA-4759-8FC9-1ECA30777F72}.Release|iPhoneSimulator.ActiveCfg = Release|Any CPU
		{00D8D049-FFAA-4759-8FC9-1ECA30777F72}.Release|x64.ActiveCfg = Release|Any CPU
		{00D8D049-FFAA-4759-8FC9-1ECA30777F72}.Release|x64.Build.0 = Release|Any CPU
		{00D8D049-FFAA-4759-8FC9-1ECA30777F72}.Release|x86.ActiveCfg = Release|Any CPU
		{00D8D049-FFAA-4759-8FC9-1ECA30777F72}.Release|x86.Build.0 = Release|Any CPU
		{04D89A60-78EF-4A32-AE17-87E47E0233A5}.Ad-Hoc|Any CPU.ActiveCfg = Release|Any CPU
		{04D89A60-78EF-4A32-AE17-87E47E0233A5}.Ad-Hoc|Any CPU.Build.0 = Release|Any CPU
		{04D89A60-78EF-4A32-AE17-87E47E0233A5}.Ad-Hoc|ARM.ActiveCfg = Release|Any CPU
		{04D89A60-78EF-4A32-AE17-87E47E0233A5}.Ad-Hoc|ARM.Build.0 = Release|Any CPU
		{04D89A60-78EF-4A32-AE17-87E47E0233A5}.Ad-Hoc|iPhone.ActiveCfg = Release|Any CPU
		{04D89A60-78EF-4A32-AE17-87E47E0233A5}.Ad-Hoc|iPhone.Build.0 = Release|Any CPU
		{04D89A60-78EF-4A32-AE17-87E47E0233A5}.Ad-Hoc|iPhoneSimulator.ActiveCfg = Release|Any CPU
		{04D89A60-78EF-4A32-AE17-87E47E0233A5}.Ad-Hoc|iPhoneSimulator.Build.0 = Release|Any CPU
		{04D89A60-78EF-4A32-AE17-87E47E0233A5}.Ad-Hoc|x64.ActiveCfg = Release|Any CPU
		{04D89A60-78EF-4A32-AE17-87E47E0233A5}.Ad-Hoc|x64.Build.0 = Release|Any CPU
		{04D89A60-78EF-4A32-AE17-87E47E0233A5}.Ad-Hoc|x86.ActiveCfg = Release|Any CPU
		{04D89A60-78EF-4A32-AE17-87E47E0233A5}.Ad-Hoc|x86.Build.0 = Release|Any CPU
		{04D89A60-78EF-4A32-AE17-87E47E0233A5}.AppStore|Any CPU.ActiveCfg = Release|Any CPU
		{04D89A60-78EF-4A32-AE17-87E47E0233A5}.AppStore|Any CPU.Build.0 = Release|Any CPU
		{04D89A60-78EF-4A32-AE17-87E47E0233A5}.AppStore|ARM.ActiveCfg = Release|Any CPU
		{04D89A60-78EF-4A32-AE17-87E47E0233A5}.AppStore|ARM.Build.0 = Release|Any CPU
		{04D89A60-78EF-4A32-AE17-87E47E0233A5}.AppStore|iPhone.ActiveCfg = Release|Any CPU
		{04D89A60-78EF-4A32-AE17-87E47E0233A5}.AppStore|iPhone.Build.0 = Release|Any CPU
		{04D89A60-78EF-4A32-AE17-87E47E0233A5}.AppStore|iPhoneSimulator.ActiveCfg = Release|Any CPU
		{04D89A60-78EF-4A32-AE17-87E47E0233A5}.AppStore|iPhoneSimulator.Build.0 = Release|Any CPU
		{04D89A60-78EF-4A32-AE17-87E47E0233A5}.AppStore|x64.ActiveCfg = Release|Any CPU
		{04D89A60-78EF-4A32-AE17-87E47E0233A5}.AppStore|x64.Build.0 = Release|Any CPU
		{04D89A60-78EF-4A32-AE17-87E47E0233A5}.AppStore|x86.ActiveCfg = Release|Any CPU
		{04D89A60-78EF-4A32-AE17-87E47E0233A5}.AppStore|x86.Build.0 = Release|Any CPU
		{04D89A60-78EF-4A32-AE17-87E47E0233A5}.Debug|Any CPU.ActiveCfg = Debug|Any CPU
		{04D89A60-78EF-4A32-AE17-87E47E0233A5}.Debug|Any CPU.Build.0 = Debug|Any CPU
		{04D89A60-78EF-4A32-AE17-87E47E0233A5}.Debug|ARM.ActiveCfg = Debug|Any CPU
		{04D89A60-78EF-4A32-AE17-87E47E0233A5}.Debug|ARM.Build.0 = Debug|Any CPU
		{04D89A60-78EF-4A32-AE17-87E47E0233A5}.Debug|iPhone.ActiveCfg = Debug|Any CPU
		{04D89A60-78EF-4A32-AE17-87E47E0233A5}.Debug|iPhoneSimulator.ActiveCfg = Debug|Any CPU
		{04D89A60-78EF-4A32-AE17-87E47E0233A5}.Debug|x64.ActiveCfg = Debug|Any CPU
		{04D89A60-78EF-4A32-AE17-87E47E0233A5}.Debug|x64.Build.0 = Debug|Any CPU
		{04D89A60-78EF-4A32-AE17-87E47E0233A5}.Debug|x86.ActiveCfg = Debug|Any CPU
		{04D89A60-78EF-4A32-AE17-87E47E0233A5}.Debug|x86.Build.0 = Debug|Any CPU
		{04D89A60-78EF-4A32-AE17-87E47E0233A5}.Release|Any CPU.ActiveCfg = Release|Any CPU
		{04D89A60-78EF-4A32-AE17-87E47E0233A5}.Release|Any CPU.Build.0 = Release|Any CPU
		{04D89A60-78EF-4A32-AE17-87E47E0233A5}.Release|ARM.ActiveCfg = Release|Any CPU
		{04D89A60-78EF-4A32-AE17-87E47E0233A5}.Release|ARM.Build.0 = Release|Any CPU
		{04D89A60-78EF-4A32-AE17-87E47E0233A5}.Release|iPhone.ActiveCfg = Release|Any CPU
		{04D89A60-78EF-4A32-AE17-87E47E0233A5}.Release|iPhoneSimulator.ActiveCfg = Release|Any CPU
		{04D89A60-78EF-4A32-AE17-87E47E0233A5}.Release|x64.ActiveCfg = Release|Any CPU
		{04D89A60-78EF-4A32-AE17-87E47E0233A5}.Release|x64.Build.0 = Release|Any CPU
		{04D89A60-78EF-4A32-AE17-87E47E0233A5}.Release|x86.ActiveCfg = Release|Any CPU
		{04D89A60-78EF-4A32-AE17-87E47E0233A5}.Release|x86.Build.0 = Release|Any CPU
		{B83BC7C5-FA0F-4D03-9D8D-1D0FF84DA088}.Ad-Hoc|Any CPU.ActiveCfg = Debug|Any CPU
		{B83BC7C5-FA0F-4D03-9D8D-1D0FF84DA088}.Ad-Hoc|Any CPU.Build.0 = Debug|Any CPU
		{B83BC7C5-FA0F-4D03-9D8D-1D0FF84DA088}.Ad-Hoc|ARM.ActiveCfg = Debug|Any CPU
		{B83BC7C5-FA0F-4D03-9D8D-1D0FF84DA088}.Ad-Hoc|ARM.Build.0 = Debug|Any CPU
		{B83BC7C5-FA0F-4D03-9D8D-1D0FF84DA088}.Ad-Hoc|iPhone.ActiveCfg = Debug|Any CPU
		{B83BC7C5-FA0F-4D03-9D8D-1D0FF84DA088}.Ad-Hoc|iPhone.Build.0 = Debug|Any CPU
		{B83BC7C5-FA0F-4D03-9D8D-1D0FF84DA088}.Ad-Hoc|iPhoneSimulator.ActiveCfg = Debug|Any CPU
		{B83BC7C5-FA0F-4D03-9D8D-1D0FF84DA088}.Ad-Hoc|iPhoneSimulator.Build.0 = Debug|Any CPU
		{B83BC7C5-FA0F-4D03-9D8D-1D0FF84DA088}.Ad-Hoc|x64.ActiveCfg = Debug|Any CPU
		{B83BC7C5-FA0F-4D03-9D8D-1D0FF84DA088}.Ad-Hoc|x64.Build.0 = Debug|Any CPU
		{B83BC7C5-FA0F-4D03-9D8D-1D0FF84DA088}.Ad-Hoc|x86.ActiveCfg = Debug|Any CPU
		{B83BC7C5-FA0F-4D03-9D8D-1D0FF84DA088}.Ad-Hoc|x86.Build.0 = Debug|Any CPU
		{B83BC7C5-FA0F-4D03-9D8D-1D0FF84DA088}.AppStore|Any CPU.ActiveCfg = Debug|Any CPU
		{B83BC7C5-FA0F-4D03-9D8D-1D0FF84DA088}.AppStore|Any CPU.Build.0 = Debug|Any CPU
		{B83BC7C5-FA0F-4D03-9D8D-1D0FF84DA088}.AppStore|ARM.ActiveCfg = Debug|Any CPU
		{B83BC7C5-FA0F-4D03-9D8D-1D0FF84DA088}.AppStore|ARM.Build.0 = Debug|Any CPU
		{B83BC7C5-FA0F-4D03-9D8D-1D0FF84DA088}.AppStore|iPhone.ActiveCfg = Debug|Any CPU
		{B83BC7C5-FA0F-4D03-9D8D-1D0FF84DA088}.AppStore|iPhone.Build.0 = Debug|Any CPU
		{B83BC7C5-FA0F-4D03-9D8D-1D0FF84DA088}.AppStore|iPhoneSimulator.ActiveCfg = Debug|Any CPU
		{B83BC7C5-FA0F-4D03-9D8D-1D0FF84DA088}.AppStore|iPhoneSimulator.Build.0 = Debug|Any CPU
		{B83BC7C5-FA0F-4D03-9D8D-1D0FF84DA088}.AppStore|x64.ActiveCfg = Debug|Any CPU
		{B83BC7C5-FA0F-4D03-9D8D-1D0FF84DA088}.AppStore|x64.Build.0 = Debug|Any CPU
		{B83BC7C5-FA0F-4D03-9D8D-1D0FF84DA088}.AppStore|x86.ActiveCfg = Debug|Any CPU
		{B83BC7C5-FA0F-4D03-9D8D-1D0FF84DA088}.AppStore|x86.Build.0 = Debug|Any CPU
		{B83BC7C5-FA0F-4D03-9D8D-1D0FF84DA088}.Debug|Any CPU.ActiveCfg = Debug|Any CPU
		{B83BC7C5-FA0F-4D03-9D8D-1D0FF84DA088}.Debug|Any CPU.Build.0 = Debug|Any CPU
		{B83BC7C5-FA0F-4D03-9D8D-1D0FF84DA088}.Debug|ARM.ActiveCfg = Debug|Any CPU
		{B83BC7C5-FA0F-4D03-9D8D-1D0FF84DA088}.Debug|ARM.Build.0 = Debug|Any CPU
		{B83BC7C5-FA0F-4D03-9D8D-1D0FF84DA088}.Debug|iPhone.ActiveCfg = Debug|Any CPU
		{B83BC7C5-FA0F-4D03-9D8D-1D0FF84DA088}.Debug|iPhone.Build.0 = Debug|Any CPU
		{B83BC7C5-FA0F-4D03-9D8D-1D0FF84DA088}.Debug|iPhoneSimulator.ActiveCfg = Debug|Any CPU
		{B83BC7C5-FA0F-4D03-9D8D-1D0FF84DA088}.Debug|iPhoneSimulator.Build.0 = Debug|Any CPU
		{B83BC7C5-FA0F-4D03-9D8D-1D0FF84DA088}.Debug|x64.ActiveCfg = Debug|Any CPU
		{B83BC7C5-FA0F-4D03-9D8D-1D0FF84DA088}.Debug|x64.Build.0 = Debug|Any CPU
		{B83BC7C5-FA0F-4D03-9D8D-1D0FF84DA088}.Debug|x86.ActiveCfg = Debug|Any CPU
		{B83BC7C5-FA0F-4D03-9D8D-1D0FF84DA088}.Debug|x86.Build.0 = Debug|Any CPU
		{B83BC7C5-FA0F-4D03-9D8D-1D0FF84DA088}.Release|Any CPU.ActiveCfg = Release|Any CPU
		{B83BC7C5-FA0F-4D03-9D8D-1D0FF84DA088}.Release|Any CPU.Build.0 = Release|Any CPU
		{B83BC7C5-FA0F-4D03-9D8D-1D0FF84DA088}.Release|ARM.ActiveCfg = Release|Any CPU
		{B83BC7C5-FA0F-4D03-9D8D-1D0FF84DA088}.Release|ARM.Build.0 = Release|Any CPU
		{B83BC7C5-FA0F-4D03-9D8D-1D0FF84DA088}.Release|iPhone.ActiveCfg = Release|Any CPU
		{B83BC7C5-FA0F-4D03-9D8D-1D0FF84DA088}.Release|iPhone.Build.0 = Release|Any CPU
		{B83BC7C5-FA0F-4D03-9D8D-1D0FF84DA088}.Release|iPhoneSimulator.ActiveCfg = Release|Any CPU
		{B83BC7C5-FA0F-4D03-9D8D-1D0FF84DA088}.Release|iPhoneSimulator.Build.0 = Release|Any CPU
		{B83BC7C5-FA0F-4D03-9D8D-1D0FF84DA088}.Release|x64.ActiveCfg = Release|Any CPU
		{B83BC7C5-FA0F-4D03-9D8D-1D0FF84DA088}.Release|x64.Build.0 = Release|Any CPU
		{B83BC7C5-FA0F-4D03-9D8D-1D0FF84DA088}.Release|x86.ActiveCfg = Release|Any CPU
		{B83BC7C5-FA0F-4D03-9D8D-1D0FF84DA088}.Release|x86.Build.0 = Release|Any CPU
		{C8B2D9FF-CE7B-463B-B9D6-8A776D6CBEDE}.Ad-Hoc|Any CPU.ActiveCfg = Release|x64
		{C8B2D9FF-CE7B-463B-B9D6-8A776D6CBEDE}.Ad-Hoc|Any CPU.Build.0 = Release|x64
		{C8B2D9FF-CE7B-463B-B9D6-8A776D6CBEDE}.Ad-Hoc|Any CPU.Deploy.0 = Release|x64
		{C8B2D9FF-CE7B-463B-B9D6-8A776D6CBEDE}.Ad-Hoc|ARM.ActiveCfg = Release|ARM
		{C8B2D9FF-CE7B-463B-B9D6-8A776D6CBEDE}.Ad-Hoc|ARM.Build.0 = Release|ARM
		{C8B2D9FF-CE7B-463B-B9D6-8A776D6CBEDE}.Ad-Hoc|ARM.Deploy.0 = Release|ARM
		{C8B2D9FF-CE7B-463B-B9D6-8A776D6CBEDE}.Ad-Hoc|iPhone.ActiveCfg = Release|x64
		{C8B2D9FF-CE7B-463B-B9D6-8A776D6CBEDE}.Ad-Hoc|iPhone.Build.0 = Release|x64
		{C8B2D9FF-CE7B-463B-B9D6-8A776D6CBEDE}.Ad-Hoc|iPhone.Deploy.0 = Release|x64
		{C8B2D9FF-CE7B-463B-B9D6-8A776D6CBEDE}.Ad-Hoc|iPhoneSimulator.ActiveCfg = Release|x64
		{C8B2D9FF-CE7B-463B-B9D6-8A776D6CBEDE}.Ad-Hoc|iPhoneSimulator.Build.0 = Release|x64
		{C8B2D9FF-CE7B-463B-B9D6-8A776D6CBEDE}.Ad-Hoc|iPhoneSimulator.Deploy.0 = Release|x64
		{C8B2D9FF-CE7B-463B-B9D6-8A776D6CBEDE}.Ad-Hoc|x64.ActiveCfg = Release|x64
		{C8B2D9FF-CE7B-463B-B9D6-8A776D6CBEDE}.Ad-Hoc|x64.Build.0 = Release|x64
		{C8B2D9FF-CE7B-463B-B9D6-8A776D6CBEDE}.Ad-Hoc|x64.Deploy.0 = Release|x64
		{C8B2D9FF-CE7B-463B-B9D6-8A776D6CBEDE}.Ad-Hoc|x86.ActiveCfg = Release|x86
		{C8B2D9FF-CE7B-463B-B9D6-8A776D6CBEDE}.Ad-Hoc|x86.Build.0 = Release|x86
		{C8B2D9FF-CE7B-463B-B9D6-8A776D6CBEDE}.Ad-Hoc|x86.Deploy.0 = Release|x86
		{C8B2D9FF-CE7B-463B-B9D6-8A776D6CBEDE}.AppStore|Any CPU.ActiveCfg = Release|x64
		{C8B2D9FF-CE7B-463B-B9D6-8A776D6CBEDE}.AppStore|Any CPU.Build.0 = Release|x64
		{C8B2D9FF-CE7B-463B-B9D6-8A776D6CBEDE}.AppStore|Any CPU.Deploy.0 = Release|x64
		{C8B2D9FF-CE7B-463B-B9D6-8A776D6CBEDE}.AppStore|ARM.ActiveCfg = Release|ARM
		{C8B2D9FF-CE7B-463B-B9D6-8A776D6CBEDE}.AppStore|ARM.Build.0 = Release|ARM
		{C8B2D9FF-CE7B-463B-B9D6-8A776D6CBEDE}.AppStore|ARM.Deploy.0 = Release|ARM
		{C8B2D9FF-CE7B-463B-B9D6-8A776D6CBEDE}.AppStore|iPhone.ActiveCfg = Release|x64
		{C8B2D9FF-CE7B-463B-B9D6-8A776D6CBEDE}.AppStore|iPhone.Build.0 = Release|x64
		{C8B2D9FF-CE7B-463B-B9D6-8A776D6CBEDE}.AppStore|iPhone.Deploy.0 = Release|x64
		{C8B2D9FF-CE7B-463B-B9D6-8A776D6CBEDE}.AppStore|iPhoneSimulator.ActiveCfg = Release|x64
		{C8B2D9FF-CE7B-463B-B9D6-8A776D6CBEDE}.AppStore|iPhoneSimulator.Build.0 = Release|x64
		{C8B2D9FF-CE7B-463B-B9D6-8A776D6CBEDE}.AppStore|iPhoneSimulator.Deploy.0 = Release|x64
		{C8B2D9FF-CE7B-463B-B9D6-8A776D6CBEDE}.AppStore|x64.ActiveCfg = Release|x64
		{C8B2D9FF-CE7B-463B-B9D6-8A776D6CBEDE}.AppStore|x64.Build.0 = Release|x64
		{C8B2D9FF-CE7B-463B-B9D6-8A776D6CBEDE}.AppStore|x64.Deploy.0 = Release|x64
		{C8B2D9FF-CE7B-463B-B9D6-8A776D6CBEDE}.AppStore|x86.ActiveCfg = Release|x86
		{C8B2D9FF-CE7B-463B-B9D6-8A776D6CBEDE}.AppStore|x86.Build.0 = Release|x86
		{C8B2D9FF-CE7B-463B-B9D6-8A776D6CBEDE}.AppStore|x86.Deploy.0 = Release|x86
		{C8B2D9FF-CE7B-463B-B9D6-8A776D6CBEDE}.Debug|Any CPU.ActiveCfg = Debug|x86
		{C8B2D9FF-CE7B-463B-B9D6-8A776D6CBEDE}.Debug|Any CPU.Build.0 = Debug|x86
		{C8B2D9FF-CE7B-463B-B9D6-8A776D6CBEDE}.Debug|Any CPU.Deploy.0 = Debug|x86
		{C8B2D9FF-CE7B-463B-B9D6-8A776D6CBEDE}.Debug|ARM.ActiveCfg = Debug|ARM
		{C8B2D9FF-CE7B-463B-B9D6-8A776D6CBEDE}.Debug|ARM.Build.0 = Debug|ARM
		{C8B2D9FF-CE7B-463B-B9D6-8A776D6CBEDE}.Debug|ARM.Deploy.0 = Debug|ARM
		{C8B2D9FF-CE7B-463B-B9D6-8A776D6CBEDE}.Debug|iPhone.ActiveCfg = Debug|x86
		{C8B2D9FF-CE7B-463B-B9D6-8A776D6CBEDE}.Debug|iPhoneSimulator.ActiveCfg = Debug|x86
		{C8B2D9FF-CE7B-463B-B9D6-8A776D6CBEDE}.Debug|x64.ActiveCfg = Debug|x64
		{C8B2D9FF-CE7B-463B-B9D6-8A776D6CBEDE}.Debug|x64.Build.0 = Debug|x64
		{C8B2D9FF-CE7B-463B-B9D6-8A776D6CBEDE}.Debug|x64.Deploy.0 = Debug|x64
		{C8B2D9FF-CE7B-463B-B9D6-8A776D6CBEDE}.Debug|x86.ActiveCfg = Debug|x86
		{C8B2D9FF-CE7B-463B-B9D6-8A776D6CBEDE}.Debug|x86.Build.0 = Debug|x86
		{C8B2D9FF-CE7B-463B-B9D6-8A776D6CBEDE}.Debug|x86.Deploy.0 = Debug|x86
		{C8B2D9FF-CE7B-463B-B9D6-8A776D6CBEDE}.Release|Any CPU.ActiveCfg = Release|x86
		{C8B2D9FF-CE7B-463B-B9D6-8A776D6CBEDE}.Release|ARM.ActiveCfg = Release|ARM
		{C8B2D9FF-CE7B-463B-B9D6-8A776D6CBEDE}.Release|ARM.Build.0 = Release|ARM
		{C8B2D9FF-CE7B-463B-B9D6-8A776D6CBEDE}.Release|ARM.Deploy.0 = Release|ARM
		{C8B2D9FF-CE7B-463B-B9D6-8A776D6CBEDE}.Release|iPhone.ActiveCfg = Release|x86
		{C8B2D9FF-CE7B-463B-B9D6-8A776D6CBEDE}.Release|iPhoneSimulator.ActiveCfg = Release|x86
		{C8B2D9FF-CE7B-463B-B9D6-8A776D6CBEDE}.Release|x64.ActiveCfg = Release|x64
		{C8B2D9FF-CE7B-463B-B9D6-8A776D6CBEDE}.Release|x64.Build.0 = Release|x64
		{C8B2D9FF-CE7B-463B-B9D6-8A776D6CBEDE}.Release|x64.Deploy.0 = Release|x64
		{C8B2D9FF-CE7B-463B-B9D6-8A776D6CBEDE}.Release|x86.ActiveCfg = Release|x86
		{C8B2D9FF-CE7B-463B-B9D6-8A776D6CBEDE}.Release|x86.Build.0 = Release|x86
		{C8B2D9FF-CE7B-463B-B9D6-8A776D6CBEDE}.Release|x86.Deploy.0 = Release|x86
		{F60B255A-680C-4B94-99E8-2722640F3164}.Ad-Hoc|Any CPU.ActiveCfg = Debug|Any CPU
		{F60B255A-680C-4B94-99E8-2722640F3164}.Ad-Hoc|Any CPU.Build.0 = Debug|Any CPU
		{F60B255A-680C-4B94-99E8-2722640F3164}.Ad-Hoc|ARM.ActiveCfg = Debug|Any CPU
		{F60B255A-680C-4B94-99E8-2722640F3164}.Ad-Hoc|ARM.Build.0 = Debug|Any CPU
		{F60B255A-680C-4B94-99E8-2722640F3164}.Ad-Hoc|iPhone.ActiveCfg = Debug|Any CPU
		{F60B255A-680C-4B94-99E8-2722640F3164}.Ad-Hoc|iPhone.Build.0 = Debug|Any CPU
		{F60B255A-680C-4B94-99E8-2722640F3164}.Ad-Hoc|iPhoneSimulator.ActiveCfg = Debug|Any CPU
		{F60B255A-680C-4B94-99E8-2722640F3164}.Ad-Hoc|iPhoneSimulator.Build.0 = Debug|Any CPU
		{F60B255A-680C-4B94-99E8-2722640F3164}.Ad-Hoc|x64.ActiveCfg = Debug|Any CPU
		{F60B255A-680C-4B94-99E8-2722640F3164}.Ad-Hoc|x64.Build.0 = Debug|Any CPU
		{F60B255A-680C-4B94-99E8-2722640F3164}.Ad-Hoc|x86.ActiveCfg = Debug|Any CPU
		{F60B255A-680C-4B94-99E8-2722640F3164}.Ad-Hoc|x86.Build.0 = Debug|Any CPU
		{F60B255A-680C-4B94-99E8-2722640F3164}.AppStore|Any CPU.ActiveCfg = Debug|Any CPU
		{F60B255A-680C-4B94-99E8-2722640F3164}.AppStore|Any CPU.Build.0 = Debug|Any CPU
		{F60B255A-680C-4B94-99E8-2722640F3164}.AppStore|ARM.ActiveCfg = Debug|Any CPU
		{F60B255A-680C-4B94-99E8-2722640F3164}.AppStore|ARM.Build.0 = Debug|Any CPU
		{F60B255A-680C-4B94-99E8-2722640F3164}.AppStore|iPhone.ActiveCfg = Debug|Any CPU
		{F60B255A-680C-4B94-99E8-2722640F3164}.AppStore|iPhone.Build.0 = Debug|Any CPU
		{F60B255A-680C-4B94-99E8-2722640F3164}.AppStore|iPhoneSimulator.ActiveCfg = Debug|Any CPU
		{F60B255A-680C-4B94-99E8-2722640F3164}.AppStore|iPhoneSimulator.Build.0 = Debug|Any CPU
		{F60B255A-680C-4B94-99E8-2722640F3164}.AppStore|x64.ActiveCfg = Debug|Any CPU
		{F60B255A-680C-4B94-99E8-2722640F3164}.AppStore|x64.Build.0 = Debug|Any CPU
		{F60B255A-680C-4B94-99E8-2722640F3164}.AppStore|x86.ActiveCfg = Debug|Any CPU
		{F60B255A-680C-4B94-99E8-2722640F3164}.AppStore|x86.Build.0 = Debug|Any CPU
		{F60B255A-680C-4B94-99E8-2722640F3164}.Debug|Any CPU.ActiveCfg = Debug|Any CPU
		{F60B255A-680C-4B94-99E8-2722640F3164}.Debug|Any CPU.Build.0 = Debug|Any CPU
		{F60B255A-680C-4B94-99E8-2722640F3164}.Debug|ARM.ActiveCfg = Debug|Any CPU
		{F60B255A-680C-4B94-99E8-2722640F3164}.Debug|ARM.Build.0 = Debug|Any CPU
		{F60B255A-680C-4B94-99E8-2722640F3164}.Debug|iPhone.ActiveCfg = Debug|Any CPU
		{F60B255A-680C-4B94-99E8-2722640F3164}.Debug|iPhone.Build.0 = Debug|Any CPU
		{F60B255A-680C-4B94-99E8-2722640F3164}.Debug|iPhoneSimulator.ActiveCfg = Debug|Any CPU
		{F60B255A-680C-4B94-99E8-2722640F3164}.Debug|iPhoneSimulator.Build.0 = Debug|Any CPU
		{F60B255A-680C-4B94-99E8-2722640F3164}.Debug|x64.ActiveCfg = Debug|Any CPU
		{F60B255A-680C-4B94-99E8-2722640F3164}.Debug|x64.Build.0 = Debug|Any CPU
		{F60B255A-680C-4B94-99E8-2722640F3164}.Debug|x86.ActiveCfg = Debug|Any CPU
		{F60B255A-680C-4B94-99E8-2722640F3164}.Debug|x86.Build.0 = Debug|Any CPU
		{F60B255A-680C-4B94-99E8-2722640F3164}.Release|Any CPU.ActiveCfg = Release|Any CPU
		{F60B255A-680C-4B94-99E8-2722640F3164}.Release|Any CPU.Build.0 = Release|Any CPU
		{F60B255A-680C-4B94-99E8-2722640F3164}.Release|ARM.ActiveCfg = Release|Any CPU
		{F60B255A-680C-4B94-99E8-2722640F3164}.Release|ARM.Build.0 = Release|Any CPU
		{F60B255A-680C-4B94-99E8-2722640F3164}.Release|iPhone.ActiveCfg = Release|Any CPU
		{F60B255A-680C-4B94-99E8-2722640F3164}.Release|iPhone.Build.0 = Release|Any CPU
		{F60B255A-680C-4B94-99E8-2722640F3164}.Release|iPhoneSimulator.ActiveCfg = Release|Any CPU
		{F60B255A-680C-4B94-99E8-2722640F3164}.Release|iPhoneSimulator.Build.0 = Release|Any CPU
		{F60B255A-680C-4B94-99E8-2722640F3164}.Release|x64.ActiveCfg = Release|Any CPU
		{F60B255A-680C-4B94-99E8-2722640F3164}.Release|x64.Build.0 = Release|Any CPU
		{F60B255A-680C-4B94-99E8-2722640F3164}.Release|x86.ActiveCfg = Release|Any CPU
		{F60B255A-680C-4B94-99E8-2722640F3164}.Release|x86.Build.0 = Release|Any CPU
		{209CF5F7-626A-499E-AD87-8ACC99FE3A52}.Ad-Hoc|Any CPU.ActiveCfg = Debug|Any CPU
		{209CF5F7-626A-499E-AD87-8ACC99FE3A52}.Ad-Hoc|Any CPU.Build.0 = Debug|Any CPU
		{209CF5F7-626A-499E-AD87-8ACC99FE3A52}.Ad-Hoc|ARM.ActiveCfg = Debug|Any CPU
		{209CF5F7-626A-499E-AD87-8ACC99FE3A52}.Ad-Hoc|ARM.Build.0 = Debug|Any CPU
		{209CF5F7-626A-499E-AD87-8ACC99FE3A52}.Ad-Hoc|iPhone.ActiveCfg = Debug|Any CPU
		{209CF5F7-626A-499E-AD87-8ACC99FE3A52}.Ad-Hoc|iPhone.Build.0 = Debug|Any CPU
		{209CF5F7-626A-499E-AD87-8ACC99FE3A52}.Ad-Hoc|iPhoneSimulator.ActiveCfg = Debug|Any CPU
		{209CF5F7-626A-499E-AD87-8ACC99FE3A52}.Ad-Hoc|iPhoneSimulator.Build.0 = Debug|Any CPU
		{209CF5F7-626A-499E-AD87-8ACC99FE3A52}.Ad-Hoc|x64.ActiveCfg = Debug|Any CPU
		{209CF5F7-626A-499E-AD87-8ACC99FE3A52}.Ad-Hoc|x64.Build.0 = Debug|Any CPU
		{209CF5F7-626A-499E-AD87-8ACC99FE3A52}.Ad-Hoc|x86.ActiveCfg = Debug|Any CPU
		{209CF5F7-626A-499E-AD87-8ACC99FE3A52}.Ad-Hoc|x86.Build.0 = Debug|Any CPU
		{209CF5F7-626A-499E-AD87-8ACC99FE3A52}.AppStore|Any CPU.ActiveCfg = Debug|Any CPU
		{209CF5F7-626A-499E-AD87-8ACC99FE3A52}.AppStore|Any CPU.Build.0 = Debug|Any CPU
		{209CF5F7-626A-499E-AD87-8ACC99FE3A52}.AppStore|ARM.ActiveCfg = Debug|Any CPU
		{209CF5F7-626A-499E-AD87-8ACC99FE3A52}.AppStore|ARM.Build.0 = Debug|Any CPU
		{209CF5F7-626A-499E-AD87-8ACC99FE3A52}.AppStore|iPhone.ActiveCfg = Debug|Any CPU
		{209CF5F7-626A-499E-AD87-8ACC99FE3A52}.AppStore|iPhone.Build.0 = Debug|Any CPU
		{209CF5F7-626A-499E-AD87-8ACC99FE3A52}.AppStore|iPhoneSimulator.ActiveCfg = Debug|Any CPU
		{209CF5F7-626A-499E-AD87-8ACC99FE3A52}.AppStore|iPhoneSimulator.Build.0 = Debug|Any CPU
		{209CF5F7-626A-499E-AD87-8ACC99FE3A52}.AppStore|x64.ActiveCfg = Debug|Any CPU
		{209CF5F7-626A-499E-AD87-8ACC99FE3A52}.AppStore|x64.Build.0 = Debug|Any CPU
		{209CF5F7-626A-499E-AD87-8ACC99FE3A52}.AppStore|x86.ActiveCfg = Debug|Any CPU
		{209CF5F7-626A-499E-AD87-8ACC99FE3A52}.AppStore|x86.Build.0 = Debug|Any CPU
		{209CF5F7-626A-499E-AD87-8ACC99FE3A52}.Debug|Any CPU.ActiveCfg = Debug|Any CPU
		{209CF5F7-626A-499E-AD87-8ACC99FE3A52}.Debug|Any CPU.Build.0 = Debug|Any CPU
		{209CF5F7-626A-499E-AD87-8ACC99FE3A52}.Debug|ARM.ActiveCfg = Debug|Any CPU
		{209CF5F7-626A-499E-AD87-8ACC99FE3A52}.Debug|ARM.Build.0 = Debug|Any CPU
		{209CF5F7-626A-499E-AD87-8ACC99FE3A52}.Debug|iPhone.ActiveCfg = Debug|Any CPU
		{209CF5F7-626A-499E-AD87-8ACC99FE3A52}.Debug|iPhone.Build.0 = Debug|Any CPU
		{209CF5F7-626A-499E-AD87-8ACC99FE3A52}.Debug|iPhoneSimulator.ActiveCfg = Debug|Any CPU
		{209CF5F7-626A-499E-AD87-8ACC99FE3A52}.Debug|iPhoneSimulator.Build.0 = Debug|Any CPU
		{209CF5F7-626A-499E-AD87-8ACC99FE3A52}.Debug|x64.ActiveCfg = Debug|Any CPU
		{209CF5F7-626A-499E-AD87-8ACC99FE3A52}.Debug|x64.Build.0 = Debug|Any CPU
		{209CF5F7-626A-499E-AD87-8ACC99FE3A52}.Debug|x86.ActiveCfg = Debug|Any CPU
		{209CF5F7-626A-499E-AD87-8ACC99FE3A52}.Debug|x86.Build.0 = Debug|Any CPU
		{209CF5F7-626A-499E-AD87-8ACC99FE3A52}.Release|Any CPU.ActiveCfg = Release|Any CPU
		{209CF5F7-626A-499E-AD87-8ACC99FE3A52}.Release|Any CPU.Build.0 = Release|Any CPU
		{209CF5F7-626A-499E-AD87-8ACC99FE3A52}.Release|ARM.ActiveCfg = Release|Any CPU
		{209CF5F7-626A-499E-AD87-8ACC99FE3A52}.Release|ARM.Build.0 = Release|Any CPU
		{209CF5F7-626A-499E-AD87-8ACC99FE3A52}.Release|iPhone.ActiveCfg = Release|Any CPU
		{209CF5F7-626A-499E-AD87-8ACC99FE3A52}.Release|iPhone.Build.0 = Release|Any CPU
		{209CF5F7-626A-499E-AD87-8ACC99FE3A52}.Release|iPhoneSimulator.ActiveCfg = Release|Any CPU
		{209CF5F7-626A-499E-AD87-8ACC99FE3A52}.Release|iPhoneSimulator.Build.0 = Release|Any CPU
		{209CF5F7-626A-499E-AD87-8ACC99FE3A52}.Release|x64.ActiveCfg = Release|Any CPU
		{209CF5F7-626A-499E-AD87-8ACC99FE3A52}.Release|x64.Build.0 = Release|Any CPU
		{209CF5F7-626A-499E-AD87-8ACC99FE3A52}.Release|x86.ActiveCfg = Release|Any CPU
		{209CF5F7-626A-499E-AD87-8ACC99FE3A52}.Release|x86.Build.0 = Release|Any CPU
	EndGlobalSection
	GlobalSection(SolutionProperties) = preSolution
		HideSolutionNode = FALSE
	EndGlobalSection
	GlobalSection(NestedProjects) = preSolution
		{CB9C96CE-125C-4A68-B6A1-C3FF1FBF93E1} = {4F5E2D21-17F6-4A42-B8FB-D03D82E24EC8}
		{B2927DF0-F98E-45C8-A917-27941B2B6838} = {4F5E2D21-17F6-4A42-B8FB-D03D82E24EC8}
		{0F0DB9CC-EA65-429C-9363-38624BF8F49C} = {B2927DF0-F98E-45C8-A917-27941B2B6838}
		{00D8D049-FFAA-4759-8FC9-1ECA30777F72} = {29AC50BF-B4FB-450B-9386-0C5AD4B84226}
		{04D89A60-78EF-4A32-AE17-87E47E0233A5} = {132FB9A4-613F-44CE-95D5-758D32D231DD}
		{E175485B-3C8C-47D7-8DD5-F7FED627EB25} = {D4D57221-71D6-4031-A6F4-EC66AF0929D9}
		{3ACB38CE-CAE4-4760-9E31-2BBD2537754E} = {4F5E2D21-17F6-4A42-B8FB-D03D82E24EC8}
		{B83BC7C5-FA0F-4D03-9D8D-1D0FF84DA088} = {4F5E2D21-17F6-4A42-B8FB-D03D82E24EC8}
		{C8B2D9FF-CE7B-463B-B9D6-8A776D6CBEDE} = {4F5E2D21-17F6-4A42-B8FB-D03D82E24EC8}
		{209CF5F7-626A-499E-AD87-8ACC99FE3A52} = {D4D57221-71D6-4031-A6F4-EC66AF0929D9}
	EndGlobalSection
	GlobalSection(ExtensibilityGlobals) = postSolution
		SolutionGuid = {650AE971-2F29-46A8-822C-FB4FCDC6A9A0}
	EndGlobalSection
EndGlobal
